{
  "lockfile_version": "1",
  "packages": {
    "asdf-vm@latest": {
      "last_modified": "2024-05-22T06:18:38Z",
      "resolved": "github:NixOS/nixpkgs/3f316d2a50699a78afe5e77ca486ad553169061e#asdf-vm",
      "source": "devbox-search",
      "version": "0.14.0",
      "systems": {
        "aarch64-darwin": {
          "outputs": [
            {
              "name": "out",
              "path": "/nix/store/kz664fbk1khkdzs0ky1fyr68n3wqpp0h-asdf-vm-0.14.0",
              "default": true
            }
          ],
          "store_path": "/nix/store/kz664fbk1khkdzs0ky1fyr68n3wqpp0h-asdf-vm-0.14.0"
        },
        "aarch64-linux": {
          "outputs": [
            {
              "name": "out",
              "path": "/nix/store/r1vx48s1r9khp8y90fhdym30xg6hr50j-asdf-vm-0.14.0",
              "default": true
            }
          ],
          "store_path": "/nix/store/r1vx48s1r9khp8y90fhdym30xg6hr50j-asdf-vm-0.14.0"
        },
        "x86_64-darwin": {
          "outputs": [
            {
              "name": "out",
              "path": "/nix/store/v9jgpyyza7badn8l7wg93rzj0ndpyr91-asdf-vm-0.14.0",
              "default": true
            }
          ],
          "store_path": "/nix/store/v9jgpyyza7badn8l7wg93rzj0ndpyr91-asdf-vm-0.14.0"
        },
        "x86_64-linux": {
          "outputs": [
            {
              "name": "out",
              "path": "/nix/store/v3fbi0z3b7dmh7f8a43cxxg8a38lar13-asdf-vm-0.14.0",
              "default": true
            }
          ],
          "store_path": "/nix/store/v3fbi0z3b7dmh7f8a43cxxg8a38lar13-asdf-vm-0.14.0"
        }
      }
    },
    "docker@latest": {
      "last_modified": "2024-05-29T10:04:41Z",
      "resolved": "github:NixOS/nixpkgs/ac82a513e55582291805d6f09d35b6d8b60637a1#docker",
      "source": "devbox-search",
      "version": "24.0.9",
      "systems": {
        "aarch64-darwin": {
          "outputs": [
            {
              "name": "out",
              "path": "/nix/store/xpg0zv3r2pjz895cx95av82rd8453wqi-docker-24.0.9",
              "default": true
            }
          ],
          "store_path": "/nix/store/xpg0zv3r2pjz895cx95av82rd8453wqi-docker-24.0.9"
        },
        "aarch64-linux": {
          "outputs": [
            {
              "name": "out",
              "path": "/nix/store/sqj9fri6jclyv43hghgq1b0jl92rwnxw-docker-24.0.9",
              "default": true
            }
          ],
          "store_path": "/nix/store/sqj9fri6jclyv43hghgq1b0jl92rwnxw-docker-24.0.9"
        },
        "x86_64-darwin": {
          "outputs": [
            {
              "name": "out",
              "path": "/nix/store/q2jyz2n42gpbk48vhbbc7q16wwzxprn2-docker-24.0.9",
              "default": true
            }
          ],
          "store_path": "/nix/store/q2jyz2n42gpbk48vhbbc7q16wwzxprn2-docker-24.0.9"
        },
        "x86_64-linux": {
          "outputs": [
            {
              "name": "out",
              "path": "/nix/store/6ahh5vkyrjjk9k32lhxi809z8fv82qgb-docker-24.0.9",
              "default": true
            }
          ],
          "store_path": "/nix/store/6ahh5vkyrjjk9k32lhxi809z8fv82qgb-docker-24.0.9"
        }
      }
    },
    "gh@latest": {
      "last_modified": "2024-05-30T12:09:21Z",
      "resolved": "github:NixOS/nixpkgs/aa61b27554a5fc282758bf0324781e3464ef2cde#gh",
      "source": "devbox-search",
      "version": "2.50.0",
      "systems": {
        "aarch64-darwin": {
          "outputs": [
            {
              "name": "out",
              "path": "/nix/store/l55ps1jsnaqzc05nr09r7w4zb6zdk6wx-gh-2.50.0",
              "default": true
            }
          ],
          "store_path": "/nix/store/l55ps1jsnaqzc05nr09r7w4zb6zdk6wx-gh-2.50.0"
        },
        "aarch64-linux": {
          "outputs": [
            {
              "name": "out",
              "path": "/nix/store/4y99sn78r3y92ma33cmmpa66299pmiq9-gh-2.50.0",
              "default": true
            }
          ],
          "store_path": "/nix/store/4y99sn78r3y92ma33cmmpa66299pmiq9-gh-2.50.0"
        },
        "x86_64-darwin": {
          "outputs": [
            {
              "name": "out",
              "path": "/nix/store/zi5mp2902mvkndx66m8i57mqfg026b74-gh-2.50.0",
              "default": true
            }
          ],
          "store_path": "/nix/store/zi5mp2902mvkndx66m8i57mqfg026b74-gh-2.50.0"
        },
        "x86_64-linux": {
          "outputs": [
            {
              "name": "out",
              "path": "/nix/store/flq1szdy6pvm50f348ik03x8058kf0b6-gh-2.50.0",
              "default": true
            }
          ],
          "store_path": "/nix/store/flq1szdy6pvm50f348ik03x8058kf0b6-gh-2.50.0"
        }
      }
    },
    "git@latest": {
      "last_modified": "2024-05-22T06:18:38Z",
      "resolved": "github:NixOS/nixpkgs/3f316d2a50699a78afe5e77ca486ad553169061e#git",
      "source": "devbox-search",
      "version": "2.44.1",
      "systems": {
        "aarch64-darwin": {
          "outputs": [
            {
              "name": "out",
              "path": "/nix/store/1y3m89x5sl3bwag9lk4fdbqmswzjp9is-git-2.44.1",
              "default": true
            },
            {
              "name": "doc",
              "path": "/nix/store/hhwbgxadc1r7f2vf0f7mf4mlcy3xsxh9-git-2.44.1-doc"
            }
          ],
          "store_path": "/nix/store/1y3m89x5sl3bwag9lk4fdbqmswzjp9is-git-2.44.1"
        },
        "aarch64-linux": {
          "outputs": [
            {
              "name": "out",
              "path": "/nix/store/y6si9acv2p32jjyavs5arj8lwk7qq945-git-2.44.1",
              "default": true
            },
            {
              "name": "debug",
              "path": "/nix/store/vjgwf4vr6dqclvb503fqir13yiqp7bf6-git-2.44.1-debug"
            },
            {
              "name": "doc",
              "path": "/nix/store/1c5816l3n7dgbjkbf6fdlw0amq5rvazq-git-2.44.1-doc"
            }
          ],
          "store_path": "/nix/store/y6si9acv2p32jjyavs5arj8lwk7qq945-git-2.44.1"
        },
        "x86_64-darwin": {
          "outputs": [
            {
              "name": "out",
              "path": "/nix/store/rwkir7nma4hgyg8lydzjisbjgwr9a4xf-git-2.44.1",
              "default": true
            },
            {
              "name": "doc",
              "path": "/nix/store/y4l5l7k5syy0s3baznixgxbnmn8aiyxq-git-2.44.1-doc"
            }
          ],
          "store_path": "/nix/store/rwkir7nma4hgyg8lydzjisbjgwr9a4xf-git-2.44.1"
        },
        "x86_64-linux": {
          "outputs": [
            {
              "name": "out",
              "path": "/nix/store/jxjzgz1p0hdqsg8k17ivw5mgcd6ffx9c-git-2.44.1",
              "default": true
            },
            {
              "name": "debug",
              "path": "/nix/store/93xf345jmvrcz1wc3va981rp13rn4hyz-git-2.44.1-debug"
            },
            {
              "name": "doc",
              "path": "/nix/store/rvgnmd4cwvmy3v77ig977ix40d2mipri-git-2.44.1-doc"
            }
          ],
          "store_path": "/nix/store/jxjzgz1p0hdqsg8k17ivw5mgcd6ffx9c-git-2.44.1"
        }
      }
    },
    "gnumake@latest": {
      "last_modified": "2024-05-22T06:18:38Z",
      "resolved": "github:NixOS/nixpkgs/3f316d2a50699a78afe5e77ca486ad553169061e#gnumake",
      "source": "devbox-search",
      "version": "4.4.1",
      "systems": {
        "aarch64-darwin": {
          "outputs": [
            {
              "name": "out",
              "path": "/nix/store/ka4fg0rm5hmaji7vwnvzk4qg4dhksg7v-gnumake-4.4.1",
              "default": true
            },
            {
              "name": "man",
              "path": "/nix/store/a2hmprcsm0ipakq0yz2r7h6daqhcz445-gnumake-4.4.1-man",
              "default": true
            },
            {
              "name": "info",
              "path": "/nix/store/8hbz6gxh8vgchyg9z7jbmyaw0hv6y539-gnumake-4.4.1-info"
            }
          ],
          "store_path": "/nix/store/ka4fg0rm5hmaji7vwnvzk4qg4dhksg7v-gnumake-4.4.1"
        },
        "aarch64-linux": {
          "outputs": [
            {
              "name": "out",
              "path": "/nix/store/iwq1ln8bq25bgvmkjlk65cnclijrhw5z-gnumake-4.4.1",
              "default": true
            },
            {
              "name": "man",
              "path": "/nix/store/yvvypigpwqbhyx5lff26nbskwgdr4nvv-gnumake-4.4.1-man",
              "default": true
            },
            {
              "name": "debug",
              "path": "/nix/store/lkfj5vraqq622jyrh4x2jj0kgn86a01l-gnumake-4.4.1-debug"
            },
            {
              "name": "info",
              "path": "/nix/store/yg3xvpd69y89ca1mvv7mf3y5vb3zyhqn-gnumake-4.4.1-info"
            }
          ],
          "store_path": "/nix/store/iwq1ln8bq25bgvmkjlk65cnclijrhw5z-gnumake-4.4.1"
        },
        "x86_64-darwin": {
          "outputs": [
            {
              "name": "out",
              "path": "/nix/store/s75wgqmhf2hspdx1n99g7nc035npfyr0-gnumake-4.4.1",
              "default": true
            },
            {
              "name": "man",
              "path": "/nix/store/g4cymnx5yzingpj655479ar237z1nyhp-gnumake-4.4.1-man",
              "default": true
            },
            {
              "name": "info",
              "path": "/nix/store/d6phnzw389kgq96ip647qgc68v2ihkva-gnumake-4.4.1-info"
            }
          ],
          "store_path": "/nix/store/s75wgqmhf2hspdx1n99g7nc035npfyr0-gnumake-4.4.1"
        },
        "x86_64-linux": {
          "outputs": [
            {
              "name": "out",
              "path": "/nix/store/y9mnxlhj1hda3b75j0hbx80gqfaysvfh-gnumake-4.4.1",
              "default": true
            },
            {
              "name": "man",
              "path": "/nix/store/5njqh28sz9i18bklrcxf6lfd91pwi8p7-gnumake-4.4.1-man",
              "default": true
            },
            {
              "name": "debug",
              "path": "/nix/store/gl5bk8d2s02nmml60a79d79nckg3a4p4-gnumake-4.4.1-debug"
            },
            {
              "name": "info",
              "path": "/nix/store/c2cfw4ry3hbf5c7njz5l0931hbliizb8-gnumake-4.4.1-info"
            }
          ],
          "store_path": "/nix/store/y9mnxlhj1hda3b75j0hbx80gqfaysvfh-gnumake-4.4.1"
        }
      }
    },
    "go-task@latest": {
      "last_modified": "2024-05-29T10:04:41Z",
      "resolved": "github:NixOS/nixpkgs/ac82a513e55582291805d6f09d35b6d8b60637a1#go-task",
      "source": "devbox-search",
      "version": "3.37.2",
      "systems": {
        "aarch64-darwin": {
          "outputs": [
            {
              "name": "out",
              "path": "/nix/store/sxx5qi67pni1188alq2a8vxnyliy4mpk-go-task-3.37.2",
              "default": true
            }
          ],
          "store_path": "/nix/store/sxx5qi67pni1188alq2a8vxnyliy4mpk-go-task-3.37.2"
        },
        "aarch64-linux": {
          "outputs": [
            {
              "name": "out",
              "path": "/nix/store/6ji3xndcf45yrsrvbv3rkp789bz6rcby-go-task-3.37.2",
              "default": true
            }
          ],
          "store_path": "/nix/store/6ji3xndcf45yrsrvbv3rkp789bz6rcby-go-task-3.37.2"
        },
        "x86_64-darwin": {
          "outputs": [
            {
              "name": "out",
              "path": "/nix/store/gf9ygvd2m7v2hv3349k6q3jgk0bfqr9z-go-task-3.37.2",
              "default": true
            }
          ],
          "store_path": "/nix/store/gf9ygvd2m7v2hv3349k6q3jgk0bfqr9z-go-task-3.37.2"
        },
        "x86_64-linux": {
          "outputs": [
            {
              "name": "out",
              "path": "/nix/store/9bswbbgd0fdbqa40yrj7f595303zbrnj-go-task-3.37.2",
              "default": true
            }
          ],
          "store_path": "/nix/store/9bswbbgd0fdbqa40yrj7f595303zbrnj-go-task-3.37.2"
        }
      }
    },
    "nodejs@21.4.0": {
      "last_modified": "2023-12-18T02:58:18Z",
      "plugin_version": "0.0.2",
      "resolved": "github:NixOS/nixpkgs/ca16221251951e9c6261a1a2bb4f9389038d3632#nodejs_21",
      "source": "devbox-search",
      "version": "21.4.0",
      "systems": {
        "aarch64-darwin": {
          "outputs": [
            {
              "name": "out",
              "path": "/nix/store/m9dw902f3qmlyd1k79fnkpdpbbgmiq5p-nodejs-21.4.0",
              "default": true
            },
            {
              "name": "libv8",
              "path": "/nix/store/rsb5szdpknl5i4y8ws1fxyxsvcd7vb5n-nodejs-21.4.0-libv8"
            }
          ],
          "store_path": "/nix/store/m9dw902f3qmlyd1k79fnkpdpbbgmiq5p-nodejs-21.4.0"
        },
        "aarch64-linux": {
          "outputs": [
            {
              "name": "out",
              "path": "/nix/store/jcyq7h968yazllrvf432lrx5qfibdr66-nodejs-21.4.0",
              "default": true
            },
            {
              "name": "libv8",
              "path": "/nix/store/svfx1lqy2484jcryks6m30cgzxv3ji55-nodejs-21.4.0-libv8"
            }
          ],
          "store_path": "/nix/store/jcyq7h968yazllrvf432lrx5qfibdr66-nodejs-21.4.0"
        },
        "x86_64-darwin": {
          "outputs": [
            {
              "name": "out",
              "path": "/nix/store/wri9fd1rhd708z3k48vp60kx39l8nl04-nodejs-21.4.0",
              "default": true
            },
            {
              "name": "libv8",
              "path": "/nix/store/94i3fiixjcjx3fxw2mcq4rmd9hyf0hvg-nodejs-21.4.0-libv8"
            }
          ],
          "store_path": "/nix/store/wri9fd1rhd708z3k48vp60kx39l8nl04-nodejs-21.4.0"
        },
        "x86_64-linux": {
          "outputs": [
            {
              "name": "out",
              "path": "/nix/store/p3mbsd6dn6qxy7s7svmahb99m95cwk39-nodejs-21.4.0",
              "default": true
            },
            {
              "name": "libv8",
              "path": "/nix/store/hbrvfj1wmg9vqg8lnq2l11k53jhh84aw-nodejs-21.4.0-libv8"
            }
          ],
          "store_path": "/nix/store/p3mbsd6dn6qxy7s7svmahb99m95cwk39-nodejs-21.4.0"
        }
      }
    },
    "openssl@latest": {
      "last_modified": "2024-05-30T23:48:18Z",
      "resolved": "github:NixOS/nixpkgs/6132b0f6e344ce2fe34fc051b72fb46e34f668e0#openssl",
      "source": "devbox-search",
      "version": "3.0.13",
      "systems": {
        "aarch64-darwin": {
          "outputs": [
            {
              "name": "bin",
              "path": "/nix/store/qammkfcl5sbj85f64qq97bdj6jv35vpb-openssl-3.0.13-bin",
              "default": true
            },
            {
              "name": "man",
              "path": "/nix/store/6nfffbzfpa9mna2z7jk5bf51sc2kzz8z-openssl-3.0.13-man",
              "default": true
            },
            {
              "name": "out",
              "path": "/nix/store/mfsjqm3yrqlmamidd4xzf8rfxm397l1k-openssl-3.0.13"
            },
            {
              "name": "dev",
              "path": "/nix/store/nrvc8nkjai62hypcq6fpjavclrr3c8dj-openssl-3.0.13-dev"
            },
            {
              "name": "doc",
              "path": "/nix/store/356w3w5whb5gdpzjiaahryzn4sdq4j6s-openssl-3.0.13-doc"
            }
          ],
          "store_path": "/nix/store/qammkfcl5sbj85f64qq97bdj6jv35vpb-openssl-3.0.13-bin"
        },
        "aarch64-linux": {
          "outputs": [
            {
              "name": "bin",
              "path": "/nix/store/84xzrrx5q8rn8x3dh7fn2rr25s950x24-openssl-3.0.13-bin",
              "default": true
            },
            {
              "name": "man",
              "path": "/nix/store/amjzimaaf8646xhpglxvwcbs2hqsa50k-openssl-3.0.13-man",
              "default": true
            },
            {
              "name": "debug",
              "path": "/nix/store/i1fx0wqw56xrj11xq51kpcchnlryc29d-openssl-3.0.13-debug"
            },
            {
              "name": "dev",
              "path": "/nix/store/bg32md5al6phba4fq8cm7b1rjfr7ylrf-openssl-3.0.13-dev"
            },
            {
              "name": "doc",
              "path": "/nix/store/znrb340r6qk5dbj1x1pg5phl43788wiz-openssl-3.0.13-doc"
            },
            {
              "name": "out",
              "path": "/nix/store/5w3rfrj9k76pwjl94vld4qwn76j3b6pq-openssl-3.0.13"
            }
          ],
          "store_path": "/nix/store/84xzrrx5q8rn8x3dh7fn2rr25s950x24-openssl-3.0.13-bin"
        },
        "x86_64-darwin": {
          "outputs": [
            {
              "name": "bin",
              "path": "/nix/store/6lksj5594arjcm1yy3r9syzyvw2n8hqj-openssl-3.0.13-bin",
              "default": true
            },
            {
              "name": "man",
              "path": "/nix/store/ix294ys27kkn03y7rhwjfcmd67hqq3bs-openssl-3.0.13-man",
              "default": true
            },
            {
              "name": "out",
              "path": "/nix/store/a2jji01wbmc5iibxb6ssnkc7ir9wsi7d-openssl-3.0.13"
            },
            {
              "name": "dev",
              "path": "/nix/store/8cg2pzqdy8yqlvbvrqydmx76wlvlkw2d-openssl-3.0.13-dev"
            },
            {
              "name": "doc",
              "path": "/nix/store/m07m4ih38zj2jbn7dsrppcjgjwy6c9ss-openssl-3.0.13-doc"
            }
          ],
          "store_path": "/nix/store/6lksj5594arjcm1yy3r9syzyvw2n8hqj-openssl-3.0.13-bin"
        },
        "x86_64-linux": {
          "outputs": [
            {
              "name": "bin",
              "path": "/nix/store/qannz09m66qpcy3ny1f4nkl4ql0g71ks-openssl-3.0.13-bin",
              "default": true
            },
            {
              "name": "man",
              "path": "/nix/store/sss9pw9l1prvc0a1b01ycrn0xwxxvh3x-openssl-3.0.13-man",
              "default": true
            },
            {
              "name": "debug",
              "path": "/nix/store/vrkxygip635wv4m91b89vbr7hbfih52c-openssl-3.0.13-debug"
            },
            {
              "name": "dev",
              "path": "/nix/store/191vca5vdxdlr32k2hpzd66mic98930f-openssl-3.0.13-dev"
            },
            {
              "name": "doc",
              "path": "/nix/store/fq20cpxp7bgx9xlc4hq3l99k7r4w4m4p-openssl-3.0.13-doc"
            },
            {
              "name": "out",
              "path": "/nix/store/gp504m4dvw5k2pdx6pccf1km79fkcwgf-openssl-3.0.13"
            }
          ],
          "store_path": "/nix/store/qannz09m66qpcy3ny1f4nkl4ql0g71ks-openssl-3.0.13-bin"
        }
      }
    },
    "poetry@latest": {
      "last_modified": "2024-05-28T16:41:07Z",
      "plugin_version": "0.0.4",
      "resolved": "github:NixOS/nixpkgs/4a3fc4cf736b7d2d288d7a8bf775ac8d4c0920b4#poetry",
      "source": "devbox-search",
      "version": "1.8.3",
      "systems": {
        "aarch64-darwin": {
          "outputs": [
            {
              "name": "out",
              "path": "/nix/store/3c7njb9l3jk7v0ldzdycspywq54nbbbz-python3.11-poetry-1.8.3",
              "default": true
            },
            {
              "name": "dist",
              "path": "/nix/store/mdqd4zbp8rgpz4y4f7y5jcf99ls1h4nl-python3.11-poetry-1.8.3-dist"
            }
          ],
          "store_path": "/nix/store/3c7njb9l3jk7v0ldzdycspywq54nbbbz-python3.11-poetry-1.8.3"
        },
        "aarch64-linux": {
          "outputs": [
            {
              "name": "out",
              "path": "/nix/store/byjijql0mz755bdmvz9jmmfcylbrmx59-python3.11-poetry-1.8.3",
              "default": true
            },
            {
              "name": "dist",
              "path": "/nix/store/6s2dc9slg8v1dk3bdh7yk1fxjmxsxjf2-python3.11-poetry-1.8.3-dist"
            }
          ],
          "store_path": "/nix/store/byjijql0mz755bdmvz9jmmfcylbrmx59-python3.11-poetry-1.8.3"
        },
        "x86_64-darwin": {
          "outputs": [
            {
              "name": "out",
              "path": "/nix/store/2ijmag7q9fblzvcfx7n8ihbh279dbil5-python3.11-poetry-1.8.3",
              "default": true
            },
            {
              "name": "dist",
              "path": "/nix/store/v58g88cmq8raw7rzggh3sabpb85g7psn-python3.11-poetry-1.8.3-dist"
            }
          ],
          "store_path": "/nix/store/2ijmag7q9fblzvcfx7n8ihbh279dbil5-python3.11-poetry-1.8.3"
        },
        "x86_64-linux": {
          "outputs": [
            {
              "name": "out",
              "path": "/nix/store/0yq0rls3qmzwv224wdhyhrqwym1i5cdj-python3.11-poetry-1.8.3",
              "default": true
            },
            {
              "name": "dist",
              "path": "/nix/store/4pl2nzqbwz3lpmk8s4c0ahn879fhi66k-python3.11-poetry-1.8.3-dist"
            }
          ],
          "store_path": "/nix/store/0yq0rls3qmzwv224wdhyhrqwym1i5cdj-python3.11-poetry-1.8.3"
        }
      }
    },
    "python311Packages.pip@latest": {
      "last_modified": "2024-05-22T06:18:38Z",
      "plugin_version": "0.0.2",
      "resolved": "github:NixOS/nixpkgs/3f316d2a50699a78afe5e77ca486ad553169061e#python311Packages.pip",
      "source": "devbox-search",
      "version": "24.0",
      "systems": {
        "aarch64-darwin": {
          "outputs": [
            {
              "name": "out",
              "path": "/nix/store/g0cai6fsalwqzgy9l9pjigzql793mblf-python3.11-pip-24.0",
              "default": true
            },
            {
              "name": "man",
              "path": "/nix/store/9bi6zislfrb49q0h3zafvnfzc8s63ldl-python3.11-pip-24.0-man",
              "default": true
            },
            {
              "name": "dist",
              "path": "/nix/store/dchfcj1829kjfbyg65mngcpijrb66nhz-python3.11-pip-24.0-dist"
            }
          ],
          "store_path": "/nix/store/g0cai6fsalwqzgy9l9pjigzql793mblf-python3.11-pip-24.0"
        },
        "aarch64-linux": {
          "outputs": [
            {
              "name": "out",
              "path": "/nix/store/hcc1gpq35jag0ywhhmj9iz3xds2invaz-python3.11-pip-24.0",
              "default": true
            },
            {
              "name": "man",
              "path": "/nix/store/86h9halrn3lyxfcd2cjhfvdwmhnf23ya-python3.11-pip-24.0-man",
              "default": true
            },
            {
              "name": "dist",
              "path": "/nix/store/wfy2smh06if4fbi0g82szsm9n3bapjc4-python3.11-pip-24.0-dist"
            }
          ],
          "store_path": "/nix/store/hcc1gpq35jag0ywhhmj9iz3xds2invaz-python3.11-pip-24.0"
        },
        "x86_64-darwin": {
          "outputs": [
            {
              "name": "out",
              "path": "/nix/store/5qmy00anjahlh2s2wd0lgs9k46b8dq7r-python3.11-pip-24.0",
              "default": true
            },
            {
              "name": "man",
              "path": "/nix/store/3hc870dd8d9d6f9f4qpd6f412bh9l29s-python3.11-pip-24.0-man",
              "default": true
            },
            {
              "name": "dist",
              "path": "/nix/store/6kqqajbjxfmsps7p28gbnwccab0msws2-python3.11-pip-24.0-dist"
            }
          ],
          "store_path": "/nix/store/5qmy00anjahlh2s2wd0lgs9k46b8dq7r-python3.11-pip-24.0"
        },
        "x86_64-linux": {
          "outputs": [
            {
              "name": "out",
              "path": "/nix/store/xhldz66b9bl8hwyhamx46wyyaklqr235-python3.11-pip-24.0",
              "default": true
            },
            {
              "name": "man",
              "path": "/nix/store/r5ryf9iik910j44y560yfxn7v3fhlymz-python3.11-pip-24.0-man",
              "default": true
            },
            {
              "name": "dist",
              "path": "/nix/store/89n30hxg6nbhym0xdgp871rm1kidpmsc-python3.11-pip-24.0-dist"
            }
          ],
          "store_path": "/nix/store/xhldz66b9bl8hwyhamx46wyyaklqr235-python3.11-pip-24.0"
        }
      }
    },
    "python@3.11.9": {
      "last_modified": "2024-05-22T06:18:38Z",
      "plugin_version": "0.0.3",
      "resolved": "github:NixOS/nixpkgs/3f316d2a50699a78afe5e77ca486ad553169061e#python3",
      "source": "devbox-search",
      "version": "3.11.9",
      "systems": {
        "aarch64-darwin": {
          "outputs": [
            {
              "name": "out",
              "path": "/nix/store/0hhzvkw889bsybhqxy12ky4jx6a95p2d-python3-3.11.9",
              "default": true
            }
          ],
          "store_path": "/nix/store/0hhzvkw889bsybhqxy12ky4jx6a95p2d-python3-3.11.9"
        },
        "aarch64-linux": {
          "outputs": [
            {
              "name": "out",
              "path": "/nix/store/czlizmr5dmpxi7ysqknxys82776hldgk-python3-3.11.9",
              "default": true
            },
            {
              "name": "debug",
              "path": "/nix/store/2idn7bihgcmagk370mpjxjahqg3zza8k-python3-3.11.9-debug"
            }
          ],
          "store_path": "/nix/store/czlizmr5dmpxi7ysqknxys82776hldgk-python3-3.11.9"
        },
        "x86_64-darwin": {
          "outputs": [
            {
              "name": "out",
              "path": "/nix/store/6jy28lfjr42adzi10p158aq6m1q9qgs0-python3-3.11.9",
              "default": true
            }
          ],
          "store_path": "/nix/store/6jy28lfjr42adzi10p158aq6m1q9qgs0-python3-3.11.9"
        },
        "x86_64-linux": {
          "outputs": [
            {
              "name": "out",
              "path": "/nix/store/7hnr99nxrd2aw6lghybqdmkckq60j6l9-python3-3.11.9",
              "default": true
            },
            {
              "name": "debug",
              "path": "/nix/store/cgkq1k9jzimkd9amyxk2achhf770xj0n-python3-3.11.9-debug"
            }
          ],
          "store_path": "/nix/store/7hnr99nxrd2aw6lghybqdmkckq60j6l9-python3-3.11.9"
        }
      }
    }
  }
}
